{
  "name": "eth2024_ver5",
  "lockfileVersion": 3,
  "requires": true,
  "packages": {
    "": {
      "devDependencies": {
        "@types/circomlibjs": "^0.1.6"
      }
    },
    "node_modules/@types/circomlibjs": {
      "version": "0.1.6",
      "resolved": "https://registry.npmjs.org/@types/circomlibjs/-/circomlibjs-0.1.6.tgz",
      "integrity": "sha512-yF174bPDaiKgejlZzCSqKwZaqXhlxMcVEHrAtstFohwP05OjtvHXOdxO6HQeTg8WwIdgMg7MJb1WyWZdUCGlPQ==",
      "dev": true,
      "license": "MIT"
    }
  }
}
